// !$*UTF8*$!
{
	archiveVersion = 1;
	classes = {
	};
	objectVersion = 48;
	objects = {

/* Begin PBXBuildFile section */
		BDB214A8BDDEE1393773FDB0 /* Pods_Smack.framework in Frameworks */ = {isa = PBXBuildFile; fileRef = FC258BD5A2C0D942C19FDCEA /* Pods_Smack.framework */; };
		EC5A981D250C9DF0003C7430 /* Constants.swift in Sources */ = {isa = PBXBuildFile; fileRef = EC5A981C250C9DF0003C7430 /* Constants.swift */; };
		EC5A981F250CA6D2003C7430 /* LoginVC.swift in Sources */ = {isa = PBXBuildFile; fileRef = EC5A981E250CA6D2003C7430 /* LoginVC.swift */; };
		EC652FBC2509F282001DAF9E /* SWRevealViewController.m in Sources */ = {isa = PBXBuildFile; fileRef = EC652FBB2509F282001DAF9E /* SWRevealViewController.m */; };
		EC652FC12509F7EF001DAF9E /* ChatVC.swift in Sources */ = {isa = PBXBuildFile; fileRef = EC652FC02509F7EF001DAF9E /* ChatVC.swift */; };
		EC652FC32509F810001DAF9E /* ChannelVC.swift in Sources */ = {isa = PBXBuildFile; fileRef = EC652FC22509F810001DAF9E /* ChannelVC.swift */; };
		EC652FC5250A898C001DAF9E /* GradientView.swift in Sources */ = {isa = PBXBuildFile; fileRef = EC652FC4250A898C001DAF9E /* GradientView.swift */; };
		EC67F50D2514BD860041D07C /* AuthService.swift in Sources */ = {isa = PBXBuildFile; fileRef = EC67F50C2514BD850041D07C /* AuthService.swift */; };
		ECAEEBA3250F895600E6164C /* CreateAccountVC.swift in Sources */ = {isa = PBXBuildFile; fileRef = ECAEEBA2250F895600E6164C /* CreateAccountVC.swift */; };
		ECF59B292509405F004DF9A6 /* AppDelegate.swift in Sources */ = {isa = PBXBuildFile; fileRef = ECF59B282509405F004DF9A6 /* AppDelegate.swift */; };
		ECF59B2E2509405F004DF9A6 /* Main.storyboard in Resources */ = {isa = PBXBuildFile; fileRef = ECF59B2C2509405F004DF9A6 /* Main.storyboard */; };
		ECF59B302509405F004DF9A6 /* Assets.xcassets in Resources */ = {isa = PBXBuildFile; fileRef = ECF59B2F2509405F004DF9A6 /* Assets.xcassets */; };
		ECF59B332509405F004DF9A6 /* LaunchScreen.storyboard in Resources */ = {isa = PBXBuildFile; fileRef = ECF59B312509405F004DF9A6 /* LaunchScreen.storyboard */; };
/* End PBXBuildFile section */

/* Begin PBXFileReference section */
		12DE9F656A84D4554CCCD8B2 /* Pods-Smack.release.xcconfig */ = {isa = PBXFileReference; includeInIndex = 1; lastKnownFileType = text.xcconfig; name = "Pods-Smack.release.xcconfig"; path = "Pods/Target Support Files/Pods-Smack/Pods-Smack.release.xcconfig"; sourceTree = "<group>"; };
		78EB02C70D7931B1EF7107C6 /* Pods-Smack.debug.xcconfig */ = {isa = PBXFileReference; includeInIndex = 1; lastKnownFileType = text.xcconfig; name = "Pods-Smack.debug.xcconfig"; path = "Pods/Target Support Files/Pods-Smack/Pods-Smack.debug.xcconfig"; sourceTree = "<group>"; };
		EC5A981C250C9DF0003C7430 /* Constants.swift */ = {isa = PBXFileReference; lastKnownFileType = sourcecode.swift; path = Constants.swift; sourceTree = "<group>"; };
		EC5A981E250CA6D2003C7430 /* LoginVC.swift */ = {isa = PBXFileReference; lastKnownFileType = sourcecode.swift; path = LoginVC.swift; sourceTree = "<group>"; };
		EC652FB92509F280001DAF9E /* Smack-Bridging-Header.h */ = {isa = PBXFileReference; lastKnownFileType = sourcecode.c.h; path = "Smack-Bridging-Header.h"; sourceTree = "<group>"; };
		EC652FBA2509F281001DAF9E /* SWRevealViewController.h */ = {isa = PBXFileReference; fileEncoding = 4; lastKnownFileType = sourcecode.c.h; path = SWRevealViewController.h; sourceTree = "<group>"; };
		EC652FBB2509F282001DAF9E /* SWRevealViewController.m */ = {isa = PBXFileReference; fileEncoding = 4; lastKnownFileType = sourcecode.c.objc; path = SWRevealViewController.m; sourceTree = "<group>"; };
		EC652FC02509F7EF001DAF9E /* ChatVC.swift */ = {isa = PBXFileReference; lastKnownFileType = sourcecode.swift; path = ChatVC.swift; sourceTree = "<group>"; };
		EC652FC22509F810001DAF9E /* ChannelVC.swift */ = {isa = PBXFileReference; lastKnownFileType = sourcecode.swift; path = ChannelVC.swift; sourceTree = "<group>"; };
		EC652FC4250A898C001DAF9E /* GradientView.swift */ = {isa = PBXFileReference; lastKnownFileType = sourcecode.swift; path = GradientView.swift; sourceTree = "<group>"; };
		EC67F50C2514BD850041D07C /* AuthService.swift */ = {isa = PBXFileReference; lastKnownFileType = sourcecode.swift; path = AuthService.swift; sourceTree = "<group>"; };
		ECAEEBA2250F895600E6164C /* CreateAccountVC.swift */ = {isa = PBXFileReference; lastKnownFileType = sourcecode.swift; path = CreateAccountVC.swift; sourceTree = "<group>"; };
		ECF59B252509405F004DF9A6 /* Smack.app */ = {isa = PBXFileReference; explicitFileType = wrapper.application; includeInIndex = 0; path = Smack.app; sourceTree = BUILT_PRODUCTS_DIR; };
		ECF59B282509405F004DF9A6 /* AppDelegate.swift */ = {isa = PBXFileReference; lastKnownFileType = sourcecode.swift; path = AppDelegate.swift; sourceTree = "<group>"; };
		ECF59B2D2509405F004DF9A6 /* Base */ = {isa = PBXFileReference; lastKnownFileType = file.storyboard; name = Base; path = Base.lproj/Main.storyboard; sourceTree = "<group>"; };
		ECF59B2F2509405F004DF9A6 /* Assets.xcassets */ = {isa = PBXFileReference; lastKnownFileType = folder.assetcatalog; path = Assets.xcassets; sourceTree = "<group>"; };
		ECF59B322509405F004DF9A6 /* Base */ = {isa = PBXFileReference; lastKnownFileType = file.storyboard; name = Base; path = Base.lproj/LaunchScreen.storyboard; sourceTree = "<group>"; };
		ECF59B342509405F004DF9A6 /* Info.plist */ = {isa = PBXFileReference; lastKnownFileType = text.plist.xml; path = Info.plist; sourceTree = "<group>"; };
		FC258BD5A2C0D942C19FDCEA /* Pods_Smack.framework */ = {isa = PBXFileReference; explicitFileType = wrapper.framework; includeInIndex = 0; path = Pods_Smack.framework; sourceTree = BUILT_PRODUCTS_DIR; };
/* End PBXFileReference section */

/* Begin PBXFrameworksBuildPhase section */
		ECF59B222509405F004DF9A6 /* Frameworks */ = {
			isa = PBXFrameworksBuildPhase;
			buildActionMask = 2147483647;
			files = (
				BDB214A8BDDEE1393773FDB0 /* Pods_Smack.framework in Frameworks */,
			);
			runOnlyForDeploymentPostprocessing = 0;
		};
/* End PBXFrameworksBuildPhase section */

/* Begin PBXGroup section */
		5B659103A0455E2BB0B7BF78 /* Pods */ = {
			isa = PBXGroup;
			children = (
				78EB02C70D7931B1EF7107C6 /* Pods-Smack.debug.xcconfig */,
				12DE9F656A84D4554CCCD8B2 /* Pods-Smack.release.xcconfig */,
			);
			name = Pods;
			sourceTree = "<group>";
		};
		EA7C4E640A61EF733ECD66B1 /* Frameworks */ = {
			isa = PBXGroup;
			children = (
				FC258BD5A2C0D942C19FDCEA /* Pods_Smack.framework */,
			);
			name = Frameworks;
			sourceTree = "<group>";
		};
		EC5A981B250C9D9B003C7430 /* Utilities */ = {
			isa = PBXGroup;
			children = (
				EC5A981C250C9DF0003C7430 /* Constants.swift */,
			);
			path = Utilities;
			sourceTree = "<group>";
		};
		EC652FB82509F234001DAF9E /* Supporting Files */ = {
			isa = PBXGroup;
			children = (
				EC652FBA2509F281001DAF9E /* SWRevealViewController.h */,
				EC652FBB2509F282001DAF9E /* SWRevealViewController.m */,
				EC652FB92509F280001DAF9E /* Smack-Bridging-Header.h */,
			);
			path = "Supporting Files";
			sourceTree = "<group>";
		};
		EC652FBD2509F760001DAF9E /* Controller */ = {
			isa = PBXGroup;
			children = (
				EC652FC02509F7EF001DAF9E /* ChatVC.swift */,
				EC652FC22509F810001DAF9E /* ChannelVC.swift */,
				EC5A981E250CA6D2003C7430 /* LoginVC.swift */,
				ECAEEBA2250F895600E6164C /* CreateAccountVC.swift */,
			);
			path = Controller;
			sourceTree = "<group>";
		};
		EC652FBE2509F76F001DAF9E /* View */ = {
			isa = PBXGroup;
			children = (
				EC652FC4250A898C001DAF9E /* GradientView.swift */,
			);
			path = View;
			sourceTree = "<group>";
		};
		EC652FBF2509F776001DAF9E /* Model */ = {
			isa = PBXGroup;
			children = (
			);
			path = Model;
			sourceTree = "<group>";
		};
		EC67F50B2514BD4A0041D07C /* Services */ = {
			isa = PBXGroup;
			children = (
				EC67F50C2514BD850041D07C /* AuthService.swift */,
			);
			path = Services;
			sourceTree = "<group>";
		};
		ECF59B1C2509405F004DF9A6 = {
			isa = PBXGroup;
			children = (
				ECF59B272509405F004DF9A6 /* Smack */,
				ECF59B262509405F004DF9A6 /* Products */,
				5B659103A0455E2BB0B7BF78 /* Pods */,
				EA7C4E640A61EF733ECD66B1 /* Frameworks */,
			);
			sourceTree = "<group>";
		};
		ECF59B262509405F004DF9A6 /* Products */ = {
			isa = PBXGroup;
			children = (
				ECF59B252509405F004DF9A6 /* Smack.app */,
			);
			name = Products;
			sourceTree = "<group>";
		};
		ECF59B272509405F004DF9A6 /* Smack */ = {
			isa = PBXGroup;
			children = (
				EC67F50B2514BD4A0041D07C /* Services */,
				EC5A981B250C9D9B003C7430 /* Utilities */,
				EC652FBF2509F776001DAF9E /* Model */,
				EC652FBE2509F76F001DAF9E /* View */,
				EC652FBD2509F760001DAF9E /* Controller */,
				EC652FB82509F234001DAF9E /* Supporting Files */,
				ECF59B282509405F004DF9A6 /* AppDelegate.swift */,
				ECF59B2C2509405F004DF9A6 /* Main.storyboard */,
				ECF59B2F2509405F004DF9A6 /* Assets.xcassets */,
				ECF59B312509405F004DF9A6 /* LaunchScreen.storyboard */,
				ECF59B342509405F004DF9A6 /* Info.plist */,
			);
			path = Smack;
			sourceTree = "<group>";
		};
/* End PBXGroup section */

/* Begin PBXNativeTarget section */
		ECF59B242509405F004DF9A6 /* Smack */ = {
			isa = PBXNativeTarget;
			buildConfigurationList = ECF59B372509405F004DF9A6 /* Build configuration list for PBXNativeTarget "Smack" */;
			buildPhases = (
				B15FE8FF0CFB331FB04196E1 /* [CP] Check Pods Manifest.lock */,
				ECF59B212509405F004DF9A6 /* Sources */,
				ECF59B222509405F004DF9A6 /* Frameworks */,
				ECF59B232509405F004DF9A6 /* Resources */,
				42ED614CF58D35105206F3FC /* [CP] Embed Pods Frameworks */,
				E023BEA40DB5CF599FB730C9 /* [CP] Copy Pods Resources */,
			);
			buildRules = (
			);
			dependencies = (
			);
			name = Smack;
			productName = Smack;
			productReference = ECF59B252509405F004DF9A6 /* Smack.app */;
			productType = "com.apple.product-type.application";
		};
/* End PBXNativeTarget section */

/* Begin PBXProject section */
		ECF59B1D2509405F004DF9A6 /* Project object */ = {
			isa = PBXProject;
			attributes = {
				LastSwiftUpdateCheck = 0920;
				LastUpgradeCheck = 0920;
				ORGANIZATIONNAME = "AM-Yusuf";
				TargetAttributes = {
					ECF59B242509405F004DF9A6 = {
						CreatedOnToolsVersion = 9.2;
						LastSwiftMigration = 0920;
						ProvisioningStyle = Automatic;
					};
				};
			};
			buildConfigurationList = ECF59B202509405F004DF9A6 /* Build configuration list for PBXProject "Smack" */;
			compatibilityVersion = "Xcode 8.0";
			developmentRegion = en;
			hasScannedForEncodings = 0;
			knownRegions = (
				en,
				Base,
			);
			mainGroup = ECF59B1C2509405F004DF9A6;
			productRefGroup = ECF59B262509405F004DF9A6 /* Products */;
			projectDirPath = "";
			projectRoot = "";
			targets = (
				ECF59B242509405F004DF9A6 /* Smack */,
			);
		};
/* End PBXProject section */

/* Begin PBXResourcesBuildPhase section */
		ECF59B232509405F004DF9A6 /* Resources */ = {
			isa = PBXResourcesBuildPhase;
			buildActionMask = 2147483647;
			files = (
				ECF59B332509405F004DF9A6 /* LaunchScreen.storyboard in Resources */,
				ECF59B302509405F004DF9A6 /* Assets.xcassets in Resources */,
				ECF59B2E2509405F004DF9A6 /* Main.storyboard in Resources */,
			);
			runOnlyForDeploymentPostprocessing = 0;
		};
/* End PBXResourcesBuildPhase section */

/* Begin PBXShellScriptBuildPhase section */
		42ED614CF58D35105206F3FC /* [CP] Embed Pods Frameworks */ = {
			isa = PBXShellScriptBuildPhase;
			buildActionMask = 2147483647;
			files = (
			);
			inputPaths = (
				"${SRCROOT}/Pods/Target Support Files/Pods-Smack/Pods-Smack-frameworks.sh",
				"${BUILT_PRODUCTS_DIR}/Alamofire/Alamofire.framework",
				"${BUILT_PRODUCTS_DIR}/Socket.IO-Client-Swift/SocketIO.framework",
				"${BUILT_PRODUCTS_DIR}/Starscream/Starscream.framework",
				"${BUILT_PRODUCTS_DIR}/SwiftyJSON/SwiftyJSON.framework",
			);
			name = "[CP] Embed Pods Frameworks";
			outputPaths = (
				"${TARGET_BUILD_DIR}/${FRAMEWORKS_FOLDER_PATH}/Alamofire.framework",
				"${TARGET_BUILD_DIR}/${FRAMEWORKS_FOLDER_PATH}/SocketIO.framework",
				"${TARGET_BUILD_DIR}/${FRAMEWORKS_FOLDER_PATH}/Starscream.framework",
				"${TARGET_BUILD_DIR}/${FRAMEWORKS_FOLDER_PATH}/SwiftyJSON.framework",
			);
			runOnlyForDeploymentPostprocessing = 0;
			shellPath = /bin/sh;
			shellScript = "\"${SRCROOT}/Pods/Target Support Files/Pods-Smack/Pods-Smack-frameworks.sh\"\n";
			showEnvVarsInLog = 0;
		};
		B15FE8FF0CFB331FB04196E1 /* [CP] Check Pods Manifest.lock */ = {
			isa = PBXShellScriptBuildPhase;
			buildActionMask = 2147483647;
			files = (
			);
			inputPaths = (
				"${PODS_PODFILE_DIR_PATH}/Podfile.lock",
				"${PODS_ROOT}/Manifest.lock",
			);
			name = "[CP] Check Pods Manifest.lock";
			outputPaths = (
				"$(DERIVED_FILE_DIR)/Pods-Smack-checkManifestLockResult.txt",
			);
			runOnlyForDeploymentPostprocessing = 0;
			shellPath = /bin/sh;
			shellScript = "diff \"${PODS_ROOT}/../Podfile.lock\" \"${PODS_ROOT}/Manifest.lock\" > /dev/null\nif [ $? != 0 ] ; then\n    # print error to STDERR\n    echo \"error: The sandbox is not in sync with the Podfile.lock. Run 'pod install' or update your CocoaPods installation.\" >&2\n    exit 1\nfi\n";
			showEnvVarsInLog = 0;
		};
		E023BEA40DB5CF599FB730C9 /* [CP] Copy Pods Resources */ = {
			isa = PBXShellScriptBuildPhase;
			buildActionMask = 2147483647;
			files = (
			);
			inputPaths = (
			);
			name = "[CP] Copy Pods Resources";
			outputPaths = (
			);
			runOnlyForDeploymentPostprocessing = 0;
			shellPath = /bin/sh;
			shellScript = "\"${SRCROOT}/Pods/Target Support Files/Pods-Smack/Pods-Smack-resources.sh\"\n";
			showEnvVarsInLog = 0;
		};
/* End PBXShellScriptBuildPhase section */

/* Begin PBXSourcesBuildPhase section */
		ECF59B212509405F004DF9A6 /* Sources */ = {
			isa = PBXSourcesBuildPhase;
			buildActionMask = 2147483647;
			files = (
				EC652FC32509F810001DAF9E /* ChannelVC.swift in Sources */,
				EC652FC12509F7EF001DAF9E /* ChatVC.swift in Sources */,
				ECAEEBA3250F895600E6164C /* CreateAccountVC.swift in Sources */,
				EC67F50D2514BD860041D07C /* AuthService.swift in Sources */,
				EC5A981F250CA6D2003C7430 /* LoginVC.swift in Sources */,
				EC652FC5250A898C001DAF9E /* GradientView.swift in Sources */,
				ECF59B292509405F004DF9A6 /* AppDelegate.swift in Sources */,
				EC652FBC2509F282001DAF9E /* SWRevealViewController.m in Sources */,
				EC5A981D250C9DF0003C7430 /* Constants.swift in Sources */,
			);
			runOnlyForDeploymentPostprocessing = 0;
		};
/* End PBXSourcesBuildPhase section */

/* Begin PBXVariantGroup section */
		ECF59B2C2509405F004DF9A6 /* Main.storyboard */ = {
			isa = PBXVariantGroup;
			children = (
				ECF59B2D2509405F004DF9A6 /* Base */,
			);
			name = Main.storyboard;
			sourceTree = "<group>";
		};
		ECF59B312509405F004DF9A6 /* LaunchScreen.storyboard */ = {
			isa = PBXVariantGroup;
			children = (
				ECF59B322509405F004DF9A6 /* Base */,
			);
			name = LaunchScreen.storyboard;
			sourceTree = "<group>";
		};
/* End PBXVariantGroup section */

/* Begin XCBuildConfiguration section */
		ECF59B352509405F004DF9A6 /* Debug */ = {
			isa = XCBuildConfiguration;
			buildSettings = {
				ALWAYS_SEARCH_USER_PATHS = NO;
				CLANG_ANALYZER_NONNULL = YES;
				CLANG_ANALYZER_NUMBER_OBJECT_CONVERSION = YES_AGGRESSIVE;
				CLANG_CXX_LANGUAGE_STANDARD = "gnu++14";
				CLANG_CXX_LIBRARY = "libc++";
				CLANG_ENABLE_MODULES = YES;
				CLANG_ENABLE_OBJC_ARC = YES;
				CLANG_WARN_BLOCK_CAPTURE_AUTORELEASING = YES;
				CLANG_WARN_BOOL_CONVERSION = YES;
				CLANG_WARN_COMMA = YES;
				CLANG_WARN_CONSTANT_CONVERSION = YES;
				CLANG_WARN_DIRECT_OBJC_ISA_USAGE = YES_ERROR;
				CLANG_WARN_DOCUMENTATION_COMMENTS = YES;
				CLANG_WARN_EMPTY_BODY = YES;
				CLANG_WARN_ENUM_CONVERSION = YES;
				CLANG_WARN_INFINITE_RECURSION = YES;
				CLANG_WARN_INT_CONVERSION = YES;
				CLANG_WARN_NON_LITERAL_NULL_CONVERSION = YES;
				CLANG_WARN_OBJC_LITERAL_CONVERSION = YES;
				CLANG_WARN_OBJC_ROOT_CLASS = YES_ERROR;
				CLANG_WARN_RANGE_LOOP_ANALYSIS = YES;
				CLANG_WARN_STRICT_PROTOTYPES = YES;
				CLANG_WARN_SUSPICIOUS_MOVE = YES;
				CLANG_WARN_UNGUARDED_AVAILABILITY = YES_AGGRESSIVE;
				CLANG_WARN_UNREACHABLE_CODE = YES;
				CLANG_WARN__DUPLICATE_METHOD_MATCH = YES;
				CODE_SIGN_IDENTITY = "iPhone Developer";
				COPY_PHASE_STRIP = NO;
				DEBUG_INFORMATION_FORMAT = dwarf;
				ENABLE_STRICT_OBJC_MSGSEND = YES;
				ENABLE_TESTABILITY = YES;
				GCC_C_LANGUAGE_STANDARD = gnu11;
				GCC_DYNAMIC_NO_PIC = NO;
				GCC_NO_COMMON_BLOCKS = YES;
				GCC_OPTIMIZATION_LEVEL = 0;
				GCC_PREPROCESSOR_DEFINITIONS = (
					"DEBUG=1",
					"$(inherited)",
				);
				GCC_WARN_64_TO_32_BIT_CONVERSION = YES;
				GCC_WARN_ABOUT_RETURN_TYPE = YES_ERROR;
				GCC_WARN_UNDECLARED_SELECTOR = YES;
				GCC_WARN_UNINITIALIZED_AUTOS = YES_AGGRESSIVE;
				GCC_WARN_UNUSED_FUNCTION = YES;
				GCC_WARN_UNUSED_VARIABLE = YES;
				IPHONEOS_DEPLOYMENT_TARGET = 11.2;
				MTL_ENABLE_DEBUG_INFO = YES;
				ONLY_ACTIVE_ARCH = YES;
				SDKROOT = iphoneos;
				SWIFT_ACTIVE_COMPILATION_CONDITIONS = DEBUG;
				SWIFT_OPTIMIZATION_LEVEL = "-Onone";
			};
			name = Debug;
		};
		ECF59B362509405F004DF9A6 /* Release */ = {
			isa = XCBuildConfiguration;
			buildSettings = {
				ALWAYS_SEARCH_USER_PATHS = NO;
				CLANG_ANALYZER_NONNULL = YES;
				CLANG_ANALYZER_NUMBER_OBJECT_CONVERSION = YES_AGGRESSIVE;
				CLANG_CXX_LANGUAGE_STANDARD = "gnu++14";
				CLANG_CXX_LIBRARY = "libc++";
				CLANG_ENABLE_MODULES = YES;
				CLANG_ENABLE_OBJC_ARC = YES;
				CLANG_WARN_BLOCK_CAPTURE_AUTORELEASING = YES;
				CLANG_WARN_BOOL_CONVERSION = YES;
				CLANG_WARN_COMMA = YES;
				CLANG_WARN_CONSTANT_CONVERSION = YES;
				CLANG_WARN_DIRECT_OBJC_ISA_USAGE = YES_ERROR;
				CLANG_WARN_DOCUMENTATION_COMMENTS = YES;
				CLANG_WARN_EMPTY_BODY = YES;
				CLANG_WARN_ENUM_CONVERSION = YES;
				CLANG_WARN_INFINITE_RECURSION = YES;
				CLANG_WARN_INT_CONVERSION = YES;
				CLANG_WARN_NON_LITERAL_NULL_CONVERSION = YES;
				CLANG_WARN_OBJC_LITERAL_CONVERSION = YES;
				CLANG_WARN_OBJC_ROOT_CLASS = YES_ERROR;
				CLANG_WARN_RANGE_LOOP_ANALYSIS = YES;
				CLANG_WARN_STRICT_PROTOTYPES = YES;
				CLANG_WARN_SUSPICIOUS_MOVE = YES;
				CLANG_WARN_UNGUARDED_AVAILABILITY = YES_AGGRESSIVE;
				CLANG_WARN_UNREACHABLE_CODE = YES;
				CLANG_WARN__DUPLICATE_METHOD_MATCH = YES;
				CODE_SIGN_IDENTITY = "iPhone Developer";
				COPY_PHASE_STRIP = NO;
				DEBUG_INFORMATION_FORMAT = "dwarf-with-dsym";
				ENABLE_NS_ASSERTIONS = NO;
				ENABLE_STRICT_OBJC_MSGSEND = YES;
				GCC_C_LANGUAGE_STANDARD = gnu11;
				GCC_NO_COMMON_BLOCKS = YES;
				GCC_WARN_64_TO_32_BIT_CONVERSION = YES;
				GCC_WARN_ABOUT_RETURN_TYPE = YES_ERROR;
				GCC_WARN_UNDECLARED_SELECTOR = YES;
				GCC_WARN_UNINITIALIZED_AUTOS = YES_AGGRESSIVE;
				GCC_WARN_UNUSED_FUNCTION = YES;
				GCC_WARN_UNUSED_VARIABLE = YES;
				IPHONEOS_DEPLOYMENT_TARGET = 11.2;
				MTL_ENABLE_DEBUG_INFO = NO;
				SDKROOT = iphoneos;
				SWIFT_OPTIMIZATION_LEVEL = "-Owholemodule";
				VALIDATE_PRODUCT = YES;
			};
			name = Release;
		};
		ECF59B382509405F004DF9A6 /* Debug */ = {
			isa = XCBuildConfiguration;
			baseConfigurationReference = 78EB02C70D7931B1EF7107C6 /* Pods-Smack.debug.xcconfig */;
			buildSettings = {
				ASSETCATALOG_COMPILER_APPICON_NAME = AppIcon;
				CLANG_ENABLE_MODULES = YES;
				CODE_SIGN_STYLE = Automatic;
				INFOPLIST_FILE = Smack/Info.plist;
				LD_RUNPATH_SEARCH_PATHS = "$(inherited) @executable_path/Frameworks";
				PRODUCT_BUNDLE_IDENTIFIER = com.amyusuf.Smack;
				PRODUCT_NAME = "$(TARGET_NAME)";
				SWIFT_OBJC_BRIDGING_HEADER = "Smack/Supporting Files/Smack-Bridging-Header.h";
				SWIFT_OPTIMIZATION_LEVEL = "-Onone";
				SWIFT_VERSION = 4.0;
				TARGETED_DEVICE_FAMILY = "1,2";
			};
			name = Debug;
		};
		ECF59B392509405F004DF9A6 /* Release */ = {
			isa = XCBuildConfiguration;
			baseConfigurationReference = 12DE9F656A84D4554CCCD8B2 /* Pods-Smack.release.xcconfig */;
			buildSettings = {
				ASSETCATALOG_COMPILER_APPICON_NAME = AppIcon;
				CLANG_ENABLE_MODULES = YES;
				CODE_SIGN_STYLE = Automatic;
				INFOPLIST_FILE = Smack/Info.plist;
				LD_RUNPATH_SEARCH_PATHS = "$(inherited) @executable_path/Frameworks";
				PRODUCT_BUNDLE_IDENTIFIER = com.amyusuf.Smack;
				PRODUCT_NAME = "$(TARGET_NAME)";
				SWIFT_OBJC_BRIDGING_HEADER = "Smack/Supporting Files/Smack-Bridging-Header.h";
				SWIFT_VERSION = 4.0;
				TARGETED_DEVICE_FAMILY = "1,2";
			};
			name = Release;
		};
/* End XCBuildConfiguration section */

/* Begin XCConfigurationList section */
		ECF59B202509405F004DF9A6 /* Build configuration list for PBXProject "Smack" */ = {
			isa = XCConfigurationList;
			buildConfigurations = (
				ECF59B352509405F004DF9A6 /* Debug */,
				ECF59B362509405F004DF9A6 /* Release */,
			);
			defaultConfigurationIsVisible = 0;
			defaultConfigurationName = Release;
		};
		ECF59B372509405F004DF9A6 /* Build configuration list for PBXNativeTarget "Smack" */ = {
			isa = XCConfigurationList;
			buildConfigurations = (
				ECF59B382509405F004DF9A6 /* Debug */,
				ECF59B392509405F004DF9A6 /* Release */,
			);
			defaultConfigurationIsVisible = 0;
			defaultConfigurationName = Release;
		};
/* End XCConfigurationList section */
	};
	rootObject = ECF59B1D2509405F004DF9A6 /* Project object */;
}
